<?xml version="1.0" encoding="UTF-8" standalone="yes" ?>
<CodeBlocks_project_file>
	<FileVersion major="1" minor="6" />
	<Project>
		<Option title="ao-nds" />
		<Option makefile_is_custom="1" />
		<Option pch_mode="2" />
		<Option compiler="devkitarm_gcc_compiler" />
		<Build>
			<Target title="all">
				<Option type="4" />
				<Option compiler="devkitarm_gcc_compiler" />
				<Compiler>
					<Add option="-O2" />
				</Compiler>
				<Linker>
					<Add option="-s" />
				</Linker>
			</Target>
		</Build>
		<Compiler>
			<Add option="-Wall" />
		</Compiler>
		<Unit filename="arm7/source/main.c">
			<Option compilerVar="CC" />
		</Unit>
		<Unit filename="arm7/source/mp3/mp3_7.arm.s" />
		<Unit filename="arm7/source/mp3/mp3_7.c">
			<Option compilerVar="CC" />
		</Unit>
		<Unit filename="arm9/include/cfgFile.h" />
		<Unit filename="arm9/include/courtroom/background.h" />
		<Unit filename="arm9/include/courtroom/character.h" />
		<Unit filename="arm9/include/courtroom/chatbox.h" />
		<Unit filename="arm9/include/courtroom/courtroom.h" />
		<Unit filename="arm9/include/engine.h" />
		<Unit filename="arm9/include/fonts.h" />
		<Unit filename="arm9/include/global.h" />
		<Unit filename="arm9/include/mongoose.h" />
		<Unit filename="arm9/include/mongoose_custom.h" />
		<Unit filename="arm9/include/sockets/aosocket.h" />
		<Unit filename="arm9/include/sockets/aotcpsocket.h" />
		<Unit filename="arm9/include/sockets/aowebsocket.h" />
		<Unit filename="arm9/include/stb_truetype.h" />
		<Unit filename="arm9/include/ui/button.h" />
		<Unit filename="arm9/include/ui/uicourt.h" />
		<Unit filename="arm9/include/ui/uimainmenu.h" />
		<Unit filename="arm9/include/ui/uiscreen.h" />
		<Unit filename="arm9/include/ui/uiwificonnect.h" />
		<Unit filename="arm9/source/cfgFile.cpp" />
		<Unit filename="arm9/source/courtroom/background.cpp" />
		<Unit filename="arm9/source/courtroom/character.cpp" />
		<Unit filename="arm9/source/courtroom/chatbox.cpp" />
		<Unit filename="arm9/source/courtroom/courtroom.cpp" />
		<Unit filename="arm9/source/engine.cpp" />
		<Unit filename="arm9/source/fonts.cpp" />
		<Unit filename="arm9/source/global.cpp" />
		<Unit filename="arm9/source/main.cpp" />
		<Unit filename="arm9/source/mp3/mp3_9.cpp" />
		<Unit filename="arm9/source/sockets/aosocket.cpp" />
		<Unit filename="arm9/source/sockets/aotcpsocket.cpp" />
		<Unit filename="arm9/source/sockets/aowebsocket.cpp" />
		<Unit filename="arm9/source/ui/button.cpp" />
		<Unit filename="arm9/source/ui/uicourt.cpp" />
		<Unit filename="arm9/source/ui/uimainmenu.cpp" />
		<Unit filename="arm9/source/ui/uiwificonnect.cpp" />
		<Unit filename="arm9/source/websocket/mongoose.c">
			<Option compilerVar="CC" />
		</Unit>
		<Unit filename="common/dr_wav.h" />
		<Unit filename="common/mp3_shared.h" />
		<Unit filename="helix/mp3common.h" />
		<Unit filename="helix/mp3dec.c">
			<Option compilerVar="CC" />
		</Unit>
		<Unit filename="helix/mp3dec.h" />
		<Unit filename="helix/mp3tabs.c">
			<Option compilerVar="CC" />
		</Unit>
		<Unit filename="helix/real/asmpoly_gcc.s" />
		<Unit filename="helix/real/assembly.h" />
		<Unit filename="helix/real/bitstream.c">
			<Option compilerVar="CC" />
		</Unit>
		<Unit filename="helix/real/buffers.c">
			<Option compilerVar="CC" />
		</Unit>
		<Unit filename="helix/real/coder.h" />
		<Unit filename="helix/real/dct32.c">
			<Option compilerVar="CC" />
		</Unit>
		<Unit filename="helix/real/dequant.c">
			<Option compilerVar="CC" />
		</Unit>
		<Unit filename="helix/real/dqchan.c">
			<Option compilerVar="CC" />
		</Unit>
		<Unit filename="helix/real/huffman.c">
			<Option compilerVar="CC" />
		</Unit>
		<Unit filename="helix/real/hufftabs.c">
			<Option compilerVar="CC" />
		</Unit>
		<Unit filename="helix/real/imdct.c">
			<Option compilerVar="CC" />
		</Unit>
		<Unit filename="helix/real/scalfact.c">
			<Option compilerVar="CC" />
		</Unit>
		<Unit filename="helix/real/stproc.c">
			<Option compilerVar="CC" />
		</Unit>
		<Unit filename="helix/real/subband.c">
			<Option compilerVar="CC" />
		</Unit>
		<Unit filename="helix/real/trigtabs.c">
			<Option compilerVar="CC" />
		</Unit>
		<Unit filename="helix/statname.h" />
		<Extensions />
	</Project>
</CodeBlocks_project_file>
