<?xml version="1.0" encoding="UTF-8" standalone="yes" ?>
<CodeBlocks_project_file>
	<FileVersion major="1" minor="6" />
	<Project>
		<Option title="ao-nds" />
		<Option makefile_is_custom="1" />
		<Option pch_mode="2" />
		<Option compiler="devkitarm_gcc_compiler" />
		<Build>
			<Target title="all">
				<Option type="4" />
				<Option compiler="devkitarm_gcc_compiler" />
				<Compiler>
					<Add option="-O2" />
				</Compiler>
				<Linker>
					<Add option="-s" />
				</Linker>
			</Target>
		</Build>
		<Compiler>
			<Add option="-Wall" />
		</Compiler>
		<Unit filename="arm7/source/main.c">
			<Option compilerVar="CC" />
		</Unit>
		<Unit filename="arm7/source/mp3/mp3_7.arm.s" />
		<Unit filename="arm7/source/mp3/mp3_7.c">
			<Option compilerVar="CC" />
		</Unit>
		<Unit filename="arm9/include/animStream.h" />
		<Unit filename="arm9/include/cfgFile.h" />
		<Unit filename="arm9/include/colors.h" />
		<Unit filename="arm9/include/courtroom/background.h" />
		<Unit filename="arm9/include/courtroom/character.h" />
		<Unit filename="arm9/include/courtroom/chatbox.h" />
		<Unit filename="arm9/include/courtroom/courtroom.h" />
		<Unit filename="arm9/include/engine.h" />
		<Unit filename="arm9/include/fonts.h" />
		<Unit filename="arm9/include/global.h" />
		<Unit filename="arm9/include/ini.h" />
		<Unit filename="arm9/include/mini/ini.h" />
		<Unit filename="arm9/include/mongoose.h" />
		<Unit filename="arm9/include/mongoose_custom.h" />
		<Unit filename="arm9/include/rapidjson/allocators.h" />
		<Unit filename="arm9/include/rapidjson/cursorstreamwrapper.h" />
		<Unit filename="arm9/include/rapidjson/document.h" />
		<Unit filename="arm9/include/rapidjson/encodedstream.h" />
		<Unit filename="arm9/include/rapidjson/encodings.h" />
		<Unit filename="arm9/include/rapidjson/error/en.h" />
		<Unit filename="arm9/include/rapidjson/error/error.h" />
		<Unit filename="arm9/include/rapidjson/filereadstream.h" />
		<Unit filename="arm9/include/rapidjson/filewritestream.h" />
		<Unit filename="arm9/include/rapidjson/fwd.h" />
		<Unit filename="arm9/include/rapidjson/internal/biginteger.h" />
		<Unit filename="arm9/include/rapidjson/internal/clzll.h" />
		<Unit filename="arm9/include/rapidjson/internal/diyfp.h" />
		<Unit filename="arm9/include/rapidjson/internal/dtoa.h" />
		<Unit filename="arm9/include/rapidjson/internal/ieee754.h" />
		<Unit filename="arm9/include/rapidjson/internal/itoa.h" />
		<Unit filename="arm9/include/rapidjson/internal/meta.h" />
		<Unit filename="arm9/include/rapidjson/internal/pow10.h" />
		<Unit filename="arm9/include/rapidjson/internal/regex.h" />
		<Unit filename="arm9/include/rapidjson/internal/stack.h" />
		<Unit filename="arm9/include/rapidjson/internal/strfunc.h" />
		<Unit filename="arm9/include/rapidjson/internal/strtod.h" />
		<Unit filename="arm9/include/rapidjson/internal/swap.h" />
		<Unit filename="arm9/include/rapidjson/istreamwrapper.h" />
		<Unit filename="arm9/include/rapidjson/memorybuffer.h" />
		<Unit filename="arm9/include/rapidjson/memorystream.h" />
		<Unit filename="arm9/include/rapidjson/msinttypes/inttypes.h" />
		<Unit filename="arm9/include/rapidjson/msinttypes/stdint.h" />
		<Unit filename="arm9/include/rapidjson/ostreamwrapper.h" />
		<Unit filename="arm9/include/rapidjson/pointer.h" />
		<Unit filename="arm9/include/rapidjson/prettywriter.h" />
		<Unit filename="arm9/include/rapidjson/rapidjson.h" />
		<Unit filename="arm9/include/rapidjson/reader.h" />
		<Unit filename="arm9/include/rapidjson/schema.h" />
		<Unit filename="arm9/include/rapidjson/stream.h" />
		<Unit filename="arm9/include/rapidjson/stringbuffer.h" />
		<Unit filename="arm9/include/rapidjson/uri.h" />
		<Unit filename="arm9/include/rapidjson/writer.h" />
		<Unit filename="arm9/include/sockets/aosocket.h" />
		<Unit filename="arm9/include/sockets/aotcpsocket.h" />
		<Unit filename="arm9/include/sockets/aowebsocket.h" />
		<Unit filename="arm9/include/stb_truetype.h" />
		<Unit filename="arm9/include/ui/button.h" />
		<Unit filename="arm9/include/ui/court/arealist.h" />
		<Unit filename="arm9/include/ui/court/charselect.h" />
		<Unit filename="arm9/include/ui/court/console.h" />
		<Unit filename="arm9/include/ui/court/ic.h" />
		<Unit filename="arm9/include/ui/court/icchatlog.h" />
		<Unit filename="arm9/include/ui/court/ingamemenu.h" />
		<Unit filename="arm9/include/ui/court/loading.h" />
		<Unit filename="arm9/include/ui/court/musiclist.h" />
		<Unit filename="arm9/include/ui/court/ooc.h" />
		<Unit filename="arm9/include/ui/court/oocpresets.h" />
		<Unit filename="arm9/include/ui/keyboard.h" />
		<Unit filename="arm9/include/ui/label.h" />
		<Unit filename="arm9/include/ui/selectcross.h" />
		<Unit filename="arm9/include/ui/uicourt.h" />
		<Unit filename="arm9/include/ui/uidirectconn.h" />
		<Unit filename="arm9/include/ui/uidisconnected.h" />
		<Unit filename="arm9/include/ui/uimainmenu.h" />
		<Unit filename="arm9/include/ui/uiscreen.h" />
		<Unit filename="arm9/include/ui/uiserverlist.h" />
		<Unit filename="arm9/include/ui/uisettings.h" />
		<Unit filename="arm9/include/ui/uiwificonnect.h" />
		<Unit filename="arm9/source/animStream.cpp" />
		<Unit filename="arm9/source/cfgFile.cpp" />
		<Unit filename="arm9/source/colors.cpp" />
		<Unit filename="arm9/source/courtroom/background.cpp" />
		<Unit filename="arm9/source/courtroom/character.cpp" />
		<Unit filename="arm9/source/courtroom/chatbox.cpp" />
		<Unit filename="arm9/source/courtroom/courtroom.cpp" />
		<Unit filename="arm9/source/engine.cpp" />
		<Unit filename="arm9/source/fonts.cpp" />
		<Unit filename="arm9/source/global.cpp" />
		<Unit filename="arm9/source/main.cpp" />
		<Unit filename="arm9/source/mp3/mp3_9.cpp" />
		<Unit filename="arm9/source/sockets/aosocket.cpp" />
		<Unit filename="arm9/source/sockets/aotcpsocket.cpp" />
		<Unit filename="arm9/source/sockets/aowebsocket.cpp" />
		<Unit filename="arm9/source/ui/button.cpp" />
		<Unit filename="arm9/source/ui/court/arealist.cpp" />
		<Unit filename="arm9/source/ui/court/charselect.cpp" />
		<Unit filename="arm9/source/ui/court/console.cpp" />
		<Unit filename="arm9/source/ui/court/ic.cpp" />
		<Unit filename="arm9/source/ui/court/icchatlog.cpp" />
		<Unit filename="arm9/source/ui/court/ingamemenu.cpp" />
		<Unit filename="arm9/source/ui/court/loading.cpp" />
		<Unit filename="arm9/source/ui/court/musiclist.cpp" />
		<Unit filename="arm9/source/ui/court/ooc.cpp" />
		<Unit filename="arm9/source/ui/court/oocpresets.cpp" />
		<Unit filename="arm9/source/ui/keyboard.cpp" />
		<Unit filename="arm9/source/ui/label.cpp" />
		<Unit filename="arm9/source/ui/selectcross.cpp" />
		<Unit filename="arm9/source/ui/uicourt.cpp" />
		<Unit filename="arm9/source/ui/uidirectconn.cpp" />
		<Unit filename="arm9/source/ui/uidisconnected.cpp" />
		<Unit filename="arm9/source/ui/uimainmenu.cpp" />
		<Unit filename="arm9/source/ui/uiserverlist.cpp" />
		<Unit filename="arm9/source/ui/uisettings.cpp" />
		<Unit filename="arm9/source/ui/uiwificonnect.cpp" />
		<Unit filename="arm9/source/websocket/mongoose.c">
			<Option compilerVar="CC" />
		</Unit>
		<Unit filename="common/dr_wav.h" />
		<Unit filename="common/mp3_shared.h" />
		<Unit filename="helix/mp3common.h" />
		<Unit filename="helix/mp3dec.c">
			<Option compilerVar="CC" />
		</Unit>
		<Unit filename="helix/mp3dec.h" />
		<Unit filename="helix/mp3tabs.c">
			<Option compilerVar="CC" />
		</Unit>
		<Unit filename="helix/real/asmpoly_gcc.s" />
		<Unit filename="helix/real/assembly.h" />
		<Unit filename="helix/real/bitstream.c">
			<Option compilerVar="CC" />
		</Unit>
		<Unit filename="helix/real/buffers.c">
			<Option compilerVar="CC" />
		</Unit>
		<Unit filename="helix/real/coder.h" />
		<Unit filename="helix/real/dct32.c">
			<Option compilerVar="CC" />
		</Unit>
		<Unit filename="helix/real/dequant.c">
			<Option compilerVar="CC" />
		</Unit>
		<Unit filename="helix/real/dqchan.c">
			<Option compilerVar="CC" />
		</Unit>
		<Unit filename="helix/real/huffman.c">
			<Option compilerVar="CC" />
		</Unit>
		<Unit filename="helix/real/hufftabs.c">
			<Option compilerVar="CC" />
		</Unit>
		<Unit filename="helix/real/imdct.c">
			<Option compilerVar="CC" />
		</Unit>
		<Unit filename="helix/real/scalfact.c">
			<Option compilerVar="CC" />
		</Unit>
		<Unit filename="helix/real/stproc.c">
			<Option compilerVar="CC" />
		</Unit>
		<Unit filename="helix/real/subband.c">
			<Option compilerVar="CC" />
		</Unit>
		<Unit filename="helix/real/trigtabs.c">
			<Option compilerVar="CC" />
		</Unit>
		<Unit filename="helix/statname.h" />
		<Extensions />
	</Project>
</CodeBlocks_project_file>
